
Microsoft Visual Studio Solution File, Format Version 12.00
# Visual Studio Version 17
VisualStudioVersion = 17.7.34031.279
MinimumVisualStudioVersion = 10.0.40219.1
Project("{FAE04EC0-301F-11D3-BF4B-00C04F79EFBC}") = "MyWebBrowser", "MyWebBrowser\MyWebBrowser.csproj", "{0367FA3E-51D4-4C40-A18A-55D1270C3BB5}"
EndProject
Global
	GlobalSection(SolutionConfigurationPlatforms) = preSolution
		Debug|Any CPU = Debug|Any CPU
		Release|Any CPU = Release|Any CPU
	EndGlobalSection
	GlobalSection(ProjectConfigurationPlatforms) = postSolution
		{0367FA3E-51D4-4C40-A18A-55D1270C3BB5}.Debug|Any CPU.ActiveCfg = Debug|Any CPU
		{0367FA3E-51D4-4C40-A18A-55D1270C3BB5}.Debug|Any CPU.Build.0 = Debug|Any CPU
		{0367FA3E-51D4-4C40-A18A-55D1270C3BB5}.Release|Any CPU.ActiveCfg = Release|Any CPU
		{0367FA3E-51D4-4C40-A18A-55D1270C3BB5}.Release|Any CPU.Build.0 = Release|Any CPU
	EndGlobalSection
	GlobalSection(SolutionProperties) = preSolution
		HideSolutionNode = FALSE
	EndGlobalSection
	GlobalSection(ExtensibilityGlobals) = postSolution
		SolutionGuid = {8A9ED609-07E3-4937-93D7-994BA01D8AAF}
	EndGlobalSection
EndGlobal
